
Microsoft Visual Studio Solution File, Format Version 12.00
# Visual Studio 2013
VisualStudioVersion = 12.0.31101.0
MinimumVisualStudioVersion = 10.0.40219.1
Project("{2150E333-8FDC-42A3-9474-1A3956D46DE8}") = "Solution Items", "Solution Items", "{3CDDBF05-B642-4D77-9AED-29B9D72DF0CC}"
	ProjectSection(SolutionItems) = preProject
		LocalTestRun.testrunconfig = LocalTestRun.testrunconfig
		smartapprove.vsmdi = smartapprove.vsmdi
	EndProjectSection
EndProject
Project("{FAE04EC0-301F-11D3-BF4B-00C04F79EFBC}") = "Dhgms.WsusSmartApprove.Cmd", "Dhgms.WsusSmartApprove.Cmd.csproj", "{B7D3C708-059A-41F4-A089-042E604DF3B1}"
EndProject
Project("{FAE04EC0-301F-11D3-BF4B-00C04F79EFBC}") = "SmartApprove.Test", "..\SmartApprove.Test\SmartApprove.Test.csproj", "{A74AB1C4-A671-4066-83F8-DCE6E3290C60}"
EndProject
Project("{FAE04EC0-301F-11D3-BF4B-00C04F79EFBC}") = "Dhgms.WsusListGuids.Cmd", "..\ListGuids\Dhgms.WsusListGuids.Cmd.csproj", "{70DD178B-3816-470B-87D1-4BBC711C124C}"
EndProject
Project("{FAE04EC0-301F-11D3-BF4B-00C04F79EFBC}") = "Dhgms.WsusSmartApprove.Core", "..\SmartLib\Dhgms.WsusSmartApprove.Core.csproj", "{94E05F74-1F2B-4C4F-90A7-4A1E56B0D67F}"
EndProject
Project("{FAE04EC0-301F-11D3-BF4B-00C04F79EFBC}") = "Config", "..\Config\Config.csproj", "{5F92DE43-2204-4C16-A0B9-3A3E3DA587C9}"
EndProject
Project("{FAE04EC0-301F-11D3-BF4B-00C04F79EFBC}") = "Dhgms.WsusSmartApprove.Tests", "..\Dhgms.WsusSmartApprove.Tests\Dhgms.WsusSmartApprove.Tests.csproj", "{8C510AEC-9501-4ED6-BF55-B0B526EC8E49}"
EndProject
Global
	GlobalSection(TeamFoundationVersionControl) = preSolution
		SccNumberOfProjects = 7
		SccEnterpriseProvider = {4CA58AB2-18FA-4F8D-95D4-32DDF27D184C}
		SccTeamFoundationServer = https://tfs.codeplex.com/tfs/tfs01
		SccLocalPath0 = .
		SccProjectUniqueName1 = ..\\SmartApprove.Test\\SmartApprove.Test.csproj
		SccProjectName1 = ../SmartApprove.Test
		SccLocalPath1 = ..\\SmartApprove.Test
		SccProjectUniqueName2 = ..\\Config\\Config.csproj
		SccProjectName2 = ../Config
		SccLocalPath2 = ..\\Config
		SccProjectUniqueName3 = ..\\Dhgms.WsusSmartApprove.Tests\\Dhgms.WsusSmartApprove.Tests.csproj
		SccProjectName3 = ../Dhgms.WsusSmartApprove.Tests
		SccLocalPath3 = ..\\Dhgms.WsusSmartApprove.Tests
		SccProjectUniqueName4 = Dhgms.WsusSmartApprove.Cmd.csproj
		SccLocalPath4 = .
		SccProjectUniqueName5 = ..\\ListGuids\\Dhgms.WsusListGuids.Cmd.csproj
		SccProjectName5 = ../ListGuids
		SccLocalPath5 = ..\\ListGuids
		SccProjectUniqueName6 = ..\\SmartLib\\Dhgms.WsusSmartApprove.Core.csproj
		SccProjectName6 = ../SmartLib
		SccLocalPath6 = ..\\SmartLib
	EndGlobalSection
	GlobalSection(SolutionConfigurationPlatforms) = preSolution
		Debug|Any CPU = Debug|Any CPU
		Debug|Mixed Platforms = Debug|Mixed Platforms
		Debug|x64 = Debug|x64
		Debug|x86 = Debug|x86
		Release|Any CPU = Release|Any CPU
		Release|Mixed Platforms = Release|Mixed Platforms
		Release|x64 = Release|x64
		Release|x86 = Release|x86
	EndGlobalSection
	GlobalSection(ProjectConfigurationPlatforms) = postSolution
		{B7D3C708-059A-41F4-A089-042E604DF3B1}.Debug|Any CPU.ActiveCfg = Debug|Any CPU
		{B7D3C708-059A-41F4-A089-042E604DF3B1}.Debug|Any CPU.Build.0 = Debug|Any CPU
		{B7D3C708-059A-41F4-A089-042E604DF3B1}.Debug|Mixed Platforms.ActiveCfg = Debug|Any CPU
		{B7D3C708-059A-41F4-A089-042E604DF3B1}.Debug|Mixed Platforms.Build.0 = Debug|Any CPU
		{B7D3C708-059A-41F4-A089-042E604DF3B1}.Debug|x64.ActiveCfg = Debug|x64
		{B7D3C708-059A-41F4-A089-042E604DF3B1}.Debug|x64.Build.0 = Debug|x64
		{B7D3C708-059A-41F4-A089-042E604DF3B1}.Debug|x86.ActiveCfg = Debug|Any CPU
		{B7D3C708-059A-41F4-A089-042E604DF3B1}.Release|Any CPU.ActiveCfg = Release|Any CPU
		{B7D3C708-059A-41F4-A089-042E604DF3B1}.Release|Any CPU.Build.0 = Release|Any CPU
		{B7D3C708-059A-41F4-A089-042E604DF3B1}.Release|Mixed Platforms.ActiveCfg = Release|Any CPU
		{B7D3C708-059A-41F4-A089-042E604DF3B1}.Release|Mixed Platforms.Build.0 = Release|Any CPU
		{B7D3C708-059A-41F4-A089-042E604DF3B1}.Release|x64.ActiveCfg = Release|x64
		{B7D3C708-059A-41F4-A089-042E604DF3B1}.Release|x64.Build.0 = Release|x64
		{B7D3C708-059A-41F4-A089-042E604DF3B1}.Release|x86.ActiveCfg = Release|Any CPU
		{A74AB1C4-A671-4066-83F8-DCE6E3290C60}.Debug|Any CPU.ActiveCfg = Debug|Any CPU
		{A74AB1C4-A671-4066-83F8-DCE6E3290C60}.Debug|Any CPU.Build.0 = Debug|Any CPU
		{A74AB1C4-A671-4066-83F8-DCE6E3290C60}.Debug|Mixed Platforms.ActiveCfg = Debug|Any CPU
		{A74AB1C4-A671-4066-83F8-DCE6E3290C60}.Debug|Mixed Platforms.Build.0 = Debug|Any CPU
		{A74AB1C4-A671-4066-83F8-DCE6E3290C60}.Debug|x64.ActiveCfg = Debug|x64
		{A74AB1C4-A671-4066-83F8-DCE6E3290C60}.Debug|x64.Build.0 = Debug|x64
		{A74AB1C4-A671-4066-83F8-DCE6E3290C60}.Debug|x86.ActiveCfg = Debug|Any CPU
		{A74AB1C4-A671-4066-83F8-DCE6E3290C60}.Release|Any CPU.ActiveCfg = Release|Any CPU
		{A74AB1C4-A671-4066-83F8-DCE6E3290C60}.Release|Any CPU.Build.0 = Release|Any CPU
		{A74AB1C4-A671-4066-83F8-DCE6E3290C60}.Release|Mixed Platforms.ActiveCfg = Release|Any CPU
		{A74AB1C4-A671-4066-83F8-DCE6E3290C60}.Release|Mixed Platforms.Build.0 = Release|Any CPU
		{A74AB1C4-A671-4066-83F8-DCE6E3290C60}.Release|x64.ActiveCfg = Release|x64
		{A74AB1C4-A671-4066-83F8-DCE6E3290C60}.Release|x64.Build.0 = Release|x64
		{A74AB1C4-A671-4066-83F8-DCE6E3290C60}.Release|x86.ActiveCfg = Release|Any CPU
		{70DD178B-3816-470B-87D1-4BBC711C124C}.Debug|Any CPU.ActiveCfg = Debug|Any CPU
		{70DD178B-3816-470B-87D1-4BBC711C124C}.Debug|Any CPU.Build.0 = Debug|Any CPU
		{70DD178B-3816-470B-87D1-4BBC711C124C}.Debug|Mixed Platforms.ActiveCfg = Debug|Any CPU
		{70DD178B-3816-470B-87D1-4BBC711C124C}.Debug|Mixed Platforms.Build.0 = Debug|Any CPU
		{70DD178B-3816-470B-87D1-4BBC711C124C}.Debug|x64.ActiveCfg = Debug|x64
		{70DD178B-3816-470B-87D1-4BBC711C124C}.Debug|x64.Build.0 = Debug|x64
		{70DD178B-3816-470B-87D1-4BBC711C124C}.Debug|x86.ActiveCfg = Debug|Any CPU
		{70DD178B-3816-470B-87D1-4BBC711C124C}.Release|Any CPU.ActiveCfg = Release|Any CPU
		{70DD178B-3816-470B-87D1-4BBC711C124C}.Release|Any CPU.Build.0 = Release|Any CPU
		{70DD178B-3816-470B-87D1-4BBC711C124C}.Release|Mixed Platforms.ActiveCfg = Release|Any CPU
		{70DD178B-3816-470B-87D1-4BBC711C124C}.Release|Mixed Platforms.Build.0 = Release|Any CPU
		{70DD178B-3816-470B-87D1-4BBC711C124C}.Release|x64.ActiveCfg = Release|x64
		{70DD178B-3816-470B-87D1-4BBC711C124C}.Release|x64.Build.0 = Release|x64
		{70DD178B-3816-470B-87D1-4BBC711C124C}.Release|x86.ActiveCfg = Release|Any CPU
		{94E05F74-1F2B-4C4F-90A7-4A1E56B0D67F}.Debug|Any CPU.ActiveCfg = Debug|Any CPU
		{94E05F74-1F2B-4C4F-90A7-4A1E56B0D67F}.Debug|Any CPU.Build.0 = Debug|Any CPU
		{94E05F74-1F2B-4C4F-90A7-4A1E56B0D67F}.Debug|Mixed Platforms.ActiveCfg = Debug|Any CPU
		{94E05F74-1F2B-4C4F-90A7-4A1E56B0D67F}.Debug|Mixed Platforms.Build.0 = Debug|Any CPU
		{94E05F74-1F2B-4C4F-90A7-4A1E56B0D67F}.Debug|x64.ActiveCfg = Debug|x64
		{94E05F74-1F2B-4C4F-90A7-4A1E56B0D67F}.Debug|x64.Build.0 = Debug|x64
		{94E05F74-1F2B-4C4F-90A7-4A1E56B0D67F}.Debug|x86.ActiveCfg = Debug|Any CPU
		{94E05F74-1F2B-4C4F-90A7-4A1E56B0D67F}.Release|Any CPU.ActiveCfg = Release|Any CPU
		{94E05F74-1F2B-4C4F-90A7-4A1E56B0D67F}.Release|Any CPU.Build.0 = Release|Any CPU
		{94E05F74-1F2B-4C4F-90A7-4A1E56B0D67F}.Release|Mixed Platforms.ActiveCfg = Release|Any CPU
		{94E05F74-1F2B-4C4F-90A7-4A1E56B0D67F}.Release|Mixed Platforms.Build.0 = Release|Any CPU
		{94E05F74-1F2B-4C4F-90A7-4A1E56B0D67F}.Release|x64.ActiveCfg = Release|x64
		{94E05F74-1F2B-4C4F-90A7-4A1E56B0D67F}.Release|x64.Build.0 = Release|x64
		{94E05F74-1F2B-4C4F-90A7-4A1E56B0D67F}.Release|x86.ActiveCfg = Release|Any CPU
		{5F92DE43-2204-4C16-A0B9-3A3E3DA587C9}.Debug|Any CPU.ActiveCfg = Debug|Any CPU
		{5F92DE43-2204-4C16-A0B9-3A3E3DA587C9}.Debug|Any CPU.Build.0 = Debug|Any CPU
		{5F92DE43-2204-4C16-A0B9-3A3E3DA587C9}.Debug|Mixed Platforms.ActiveCfg = Debug|Any CPU
		{5F92DE43-2204-4C16-A0B9-3A3E3DA587C9}.Debug|Mixed Platforms.Build.0 = Debug|Any CPU
		{5F92DE43-2204-4C16-A0B9-3A3E3DA587C9}.Debug|x64.ActiveCfg = Debug|Any CPU
		{5F92DE43-2204-4C16-A0B9-3A3E3DA587C9}.Debug|x86.ActiveCfg = Debug|Any CPU
		{5F92DE43-2204-4C16-A0B9-3A3E3DA587C9}.Release|Any CPU.ActiveCfg = Release|Any CPU
		{5F92DE43-2204-4C16-A0B9-3A3E3DA587C9}.Release|Any CPU.Build.0 = Release|Any CPU
		{5F92DE43-2204-4C16-A0B9-3A3E3DA587C9}.Release|Mixed Platforms.ActiveCfg = Release|Any CPU
		{5F92DE43-2204-4C16-A0B9-3A3E3DA587C9}.Release|Mixed Platforms.Build.0 = Release|Any CPU
		{5F92DE43-2204-4C16-A0B9-3A3E3DA587C9}.Release|x64.ActiveCfg = Release|Any CPU
		{5F92DE43-2204-4C16-A0B9-3A3E3DA587C9}.Release|x86.ActiveCfg = Release|Any CPU
		{8C510AEC-9501-4ED6-BF55-B0B526EC8E49}.Debug|Any CPU.ActiveCfg = Debug|Any CPU
		{8C510AEC-9501-4ED6-BF55-B0B526EC8E49}.Debug|Any CPU.Build.0 = Debug|Any CPU
		{8C510AEC-9501-4ED6-BF55-B0B526EC8E49}.Debug|Mixed Platforms.ActiveCfg = Debug|Any CPU
		{8C510AEC-9501-4ED6-BF55-B0B526EC8E49}.Debug|Mixed Platforms.Build.0 = Debug|Any CPU
		{8C510AEC-9501-4ED6-BF55-B0B526EC8E49}.Debug|x64.ActiveCfg = Debug|Any CPU
		{8C510AEC-9501-4ED6-BF55-B0B526EC8E49}.Debug|x86.ActiveCfg = Debug|Any CPU
		{8C510AEC-9501-4ED6-BF55-B0B526EC8E49}.Release|Any CPU.ActiveCfg = Release|Any CPU
		{8C510AEC-9501-4ED6-BF55-B0B526EC8E49}.Release|Any CPU.Build.0 = Release|Any CPU
		{8C510AEC-9501-4ED6-BF55-B0B526EC8E49}.Release|Mixed Platforms.ActiveCfg = Release|Any CPU
		{8C510AEC-9501-4ED6-BF55-B0B526EC8E49}.Release|Mixed Platforms.Build.0 = Release|Any CPU
		{8C510AEC-9501-4ED6-BF55-B0B526EC8E49}.Release|x64.ActiveCfg = Release|Any CPU
		{8C510AEC-9501-4ED6-BF55-B0B526EC8E49}.Release|x86.ActiveCfg = Release|Any CPU
	EndGlobalSection
	GlobalSection(SolutionProperties) = preSolution
		HideSolutionNode = FALSE
	EndGlobalSection
	GlobalSection(TestCaseManagementSettings) = postSolution
		CategoryFile = smartapprove.vsmdi
	EndGlobalSection
	GlobalSection(SpecExplorer.ActivityCompletionStatus) = preSolution
		SpecExplorer.ActivityCompletionStatus = 
	EndGlobalSection
EndGlobal
